hash: 7f07d23235327e7859a222cac8e80850aa96c5e370bb0c838681112b69807fa9
updated: 2018-04-17T16:35:21.878253999+09:00
imports:
- name: github.com/davecgh/go-xdr
  version: e6a2ba005892b6a5b27cb5352f64c2e96942dd28
  subpackages:
  - xdr2
- name: github.com/emirpasic/gods
  version: f6c17b524822278a87e3b3bd809fec33b51f5b46
  subpackages:
  - containers
  - set/hashset
  - sets
  - sets/hashset
  - sets/treeset
  - trees
  - trees/redblacktree
  - utils
testImports:
- name: github.com/davecgh/go-spew
  version: 346938d642f2ec3594ed81d874461961cd0faa76
  subpackages:
  - spew
- name: github.com/pmezard/go-difflib
  version: 792786c7400a136282c1664665ae0a8db921c6c2
  subpackages:
  - difflib
- name: github.com/stretchr/testify
  version: c679ae2cc0cb27ec3293fea7e254e47386f05d69
  subpackages:
  - assert
