hash: cd3de8a5af7c0582c9729f3493e89fec971b7db81510290455919298c722f159
updated: 2018-04-16T18:40:29.906802704+09:00
imports:
- name: github.com/davecgh/go-xdr
  version: e6a2ba005892b6a5b27cb5352f64c2e96942dd28
  subpackages:
  - xdr2
- name: github.com/emirpasic/gods
  version: f6c17b524822278a87e3b3bd809fec33b51f5b46
  subpackages:
  - sets/treeset
testImports:
- name: github.com/davecgh/go-spew
  version: 346938d642f2ec3594ed81d874461961cd0faa76
  subpackages:
  - spew
- name: github.com/pmezard/go-difflib
  version: 792786c7400a136282c1664665ae0a8db921c6c2
  subpackages:
  - difflib
- name: github.com/stretchr/testify
  version: c679ae2cc0cb27ec3293fea7e254e47386f05d69
  subpackages:
  - assert
